
Microsoft Visual Studio Solution File, Format Version 12.00
Project("{FAE04EC0-301F-11D3-BF4B-00C04F79EFBC}") = "registorUser", "registorUser\registorUser.csproj", "{1E443DF0-4463-4743-BBD1-7FE27FB108F3}"
EndProject
Global
	GlobalSection(SolutionConfigurationPlatforms) = preSolution
		Debug|Any CPU = Debug|Any CPU
		Release|Any CPU = Release|Any CPU
	EndGlobalSection
	GlobalSection(ProjectConfigurationPlatforms) = postSolution
		{1E443DF0-4463-4743-BBD1-7FE27FB108F3}.Debug|Any CPU.ActiveCfg = Debug|Any CPU
		{1E443DF0-4463-4743-BBD1-7FE27FB108F3}.Debug|Any CPU.Build.0 = Debug|Any CPU
		{1E443DF0-4463-4743-BBD1-7FE27FB108F3}.Release|Any CPU.ActiveCfg = Release|Any CPU
		{1E443DF0-4463-4743-BBD1-7FE27FB108F3}.Release|Any CPU.Build.0 = Release|Any CPU
	EndGlobalSection
EndGlobal
